// !$*UTF8*$!
{
	archiveVersion = 1;
	classes = {
	};
	objectVersion = 52;
	objects = {

/* Begin PBXBuildFile section */
		4944216726EB89AE00DAE476 /* AppDelegate.swift in Sources */ = {isa = PBXBuildFile; fileRef = 4944216626EB89AE00DAE476 /* AppDelegate.swift */; };
		4944216926EB89AE00DAE476 /* SceneDelegate.swift in Sources */ = {isa = PBXBuildFile; fileRef = 4944216826EB89AE00DAE476 /* SceneDelegate.swift */; };
		4944216B26EB89AE00DAE476 /* ViewController.swift in Sources */ = {isa = PBXBuildFile; fileRef = 4944216A26EB89AE00DAE476 /* ViewController.swift */; };
		4944216E26EB89AE00DAE476 /* Main.storyboard in Resources */ = {isa = PBXBuildFile; fileRef = 4944216C26EB89AE00DAE476 /* Main.storyboard */; };
		4944217126EB89AE00DAE476 /* test6.xcdatamodeld in Sources */ = {isa = PBXBuildFile; fileRef = 4944216F26EB89AE00DAE476 /* test6.xcdatamodeld */; };
		4944217326EB89AE00DAE476 /* Assets.xcassets in Resources */ = {isa = PBXBuildFile; fileRef = 4944217226EB89AE00DAE476 /* Assets.xcassets */; };
		4944217626EB89AE00DAE476 /* LaunchScreen.storyboard in Resources */ = {isa = PBXBuildFile; fileRef = 4944217426EB89AE00DAE476 /* LaunchScreen.storyboard */; };
		4944218126EB89AE00DAE476 /* test6Tests.swift in Sources */ = {isa = PBXBuildFile; fileRef = 4944218026EB89AE00DAE476 /* test6Tests.swift */; };
		4944218C26EB89AE00DAE476 /* test6UITests.swift in Sources */ = {isa = PBXBuildFile; fileRef = 4944218B26EB89AE00DAE476 /* test6UITests.swift */; };
		49797E7A284E533100DE148D /* HealthTwoDB.swift in Sources */ = {isa = PBXBuildFile; fileRef = 49797E79284E533100DE148D /* HealthTwoDB.swift */; };
		49AA8355284D66DF00AEA134 /* HealthOneDB.swift in Sources */ = {isa = PBXBuildFile; fileRef = 49AA8354284D66DF00AEA134 /* HealthOneDB.swift */; };
		49C8A9542750E3ED008850F7 /* SnapKit in Frameworks */ = {isa = PBXBuildFile; productRef = 49C8A9532750E3ED008850F7 /* SnapKit */; };
		613F882310D2E6BF12F8F30B /* Pods_test6.framework in Frameworks */ = {isa = PBXBuildFile; fileRef = A58190CEA4BE05FD00B124F3 /* Pods_test6.framework */; };
/* End PBXBuildFile section */

/* Begin PBXBuildRule section */
		49C8A9502750E06F008850F7 /* PBXBuildRule */ = {
			isa = PBXBuildRule;
			compilerSpec = com.apple.compilers.proxy.script;
			fileType = pattern.proxy;
			inputFiles = (
			);
			isEditable = 1;
			outputFiles = (
			);
			script = "# Type a script or drag a script file from your workspace to insert its path.\n";
		};
		49C8A9512750E071008850F7 /* PBXBuildRule */ = {
			isa = PBXBuildRule;
			compilerSpec = com.apple.compilers.proxy.script;
			fileType = pattern.proxy;
			inputFiles = (
			);
			isEditable = 1;
			outputFiles = (
			);
			script = "# Type a script or drag a script file from your workspace to insert its path.\n";
		};
/* End PBXBuildRule section */

/* Begin PBXContainerItemProxy section */
		4944217D26EB89AE00DAE476 /* PBXContainerItemProxy */ = {
			isa = PBXContainerItemProxy;
			containerPortal = 4944215B26EB89AE00DAE476 /* Project object */;
			proxyType = 1;
			remoteGlobalIDString = 4944216226EB89AE00DAE476;
			remoteInfo = test6;
		};
		4944218826EB89AE00DAE476 /* PBXContainerItemProxy */ = {
			isa = PBXContainerItemProxy;
			containerPortal = 4944215B26EB89AE00DAE476 /* Project object */;
			proxyType = 1;
			remoteGlobalIDString = 4944216226EB89AE00DAE476;
			remoteInfo = test6;
		};
/* End PBXContainerItemProxy section */

/* Begin PBXFileReference section */
		4944216326EB89AE00DAE476 /* test6.app */ = {isa = PBXFileReference; explicitFileType = wrapper.application; includeInIndex = 0; path = test6.app; sourceTree = BUILT_PRODUCTS_DIR; };
		4944216626EB89AE00DAE476 /* AppDelegate.swift */ = {isa = PBXFileReference; lastKnownFileType = sourcecode.swift; path = AppDelegate.swift; sourceTree = "<group>"; };
		4944216826EB89AE00DAE476 /* SceneDelegate.swift */ = {isa = PBXFileReference; lastKnownFileType = sourcecode.swift; path = SceneDelegate.swift; sourceTree = "<group>"; };
		4944216A26EB89AE00DAE476 /* ViewController.swift */ = {isa = PBXFileReference; lastKnownFileType = sourcecode.swift; path = ViewController.swift; sourceTree = "<group>"; };
		4944216D26EB89AE00DAE476 /* Base */ = {isa = PBXFileReference; lastKnownFileType = file.storyboard; name = Base; path = Base.lproj/Main.storyboard; sourceTree = "<group>"; };
		4944217026EB89AE00DAE476 /* test6.xcdatamodel */ = {isa = PBXFileReference; lastKnownFileType = wrapper.xcdatamodel; path = test6.xcdatamodel; sourceTree = "<group>"; };
		4944217226EB89AE00DAE476 /* Assets.xcassets */ = {isa = PBXFileReference; lastKnownFileType = folder.assetcatalog; path = Assets.xcassets; sourceTree = "<group>"; };
		4944217526EB89AE00DAE476 /* Base */ = {isa = PBXFileReference; lastKnownFileType = file.storyboard; name = Base; path = Base.lproj/LaunchScreen.storyboard; sourceTree = "<group>"; };
		4944217726EB89AE00DAE476 /* Info.plist */ = {isa = PBXFileReference; lastKnownFileType = text.plist.xml; path = Info.plist; sourceTree = "<group>"; };
		4944217C26EB89AE00DAE476 /* test6Tests.xctest */ = {isa = PBXFileReference; explicitFileType = wrapper.cfbundle; includeInIndex = 0; path = test6Tests.xctest; sourceTree = BUILT_PRODUCTS_DIR; };
		4944218026EB89AE00DAE476 /* test6Tests.swift */ = {isa = PBXFileReference; lastKnownFileType = sourcecode.swift; path = test6Tests.swift; sourceTree = "<group>"; };
		4944218226EB89AE00DAE476 /* Info.plist */ = {isa = PBXFileReference; lastKnownFileType = text.plist.xml; path = Info.plist; sourceTree = "<group>"; };
		4944218726EB89AE00DAE476 /* test6UITests.xctest */ = {isa = PBXFileReference; explicitFileType = wrapper.cfbundle; includeInIndex = 0; path = test6UITests.xctest; sourceTree = BUILT_PRODUCTS_DIR; };
		4944218B26EB89AE00DAE476 /* test6UITests.swift */ = {isa = PBXFileReference; lastKnownFileType = sourcecode.swift; path = test6UITests.swift; sourceTree = "<group>"; };
		4944218D26EB89AE00DAE476 /* Info.plist */ = {isa = PBXFileReference; lastKnownFileType = text.plist.xml; path = Info.plist; sourceTree = "<group>"; };
		49797E79284E533100DE148D /* HealthTwoDB.swift */ = {isa = PBXFileReference; lastKnownFileType = sourcecode.swift; path = HealthTwoDB.swift; sourceTree = "<group>"; };
		49AA8354284D66DF00AEA134 /* HealthOneDB.swift */ = {isa = PBXFileReference; lastKnownFileType = sourcecode.swift; path = HealthOneDB.swift; sourceTree = "<group>"; };
		4D441E40E0C2F07C286A6B9A /* Pods-test6.release.xcconfig */ = {isa = PBXFileReference; includeInIndex = 1; lastKnownFileType = text.xcconfig; name = "Pods-test6.release.xcconfig"; path = "Target Support Files/Pods-test6/Pods-test6.release.xcconfig"; sourceTree = "<group>"; };
		A58190CEA4BE05FD00B124F3 /* Pods_test6.framework */ = {isa = PBXFileReference; explicitFileType = wrapper.framework; includeInIndex = 0; path = Pods_test6.framework; sourceTree = BUILT_PRODUCTS_DIR; };
		B4FED0E9DF677E623F9257EE /* Pods-test6.debug.xcconfig */ = {isa = PBXFileReference; includeInIndex = 1; lastKnownFileType = text.xcconfig; name = "Pods-test6.debug.xcconfig"; path = "Target Support Files/Pods-test6/Pods-test6.debug.xcconfig"; sourceTree = "<group>"; };
/* End PBXFileReference section */

/* Begin PBXFrameworksBuildPhase section */
		4944216026EB89AE00DAE476 /* Frameworks */ = {
			isa = PBXFrameworksBuildPhase;
			buildActionMask = 2147483647;
			files = (
				49C8A9542750E3ED008850F7 /* SnapKit in Frameworks */,
				613F882310D2E6BF12F8F30B /* Pods_test6.framework in Frameworks */,
			);
			runOnlyForDeploymentPostprocessing = 0;
		};
		4944217926EB89AE00DAE476 /* Frameworks */ = {
			isa = PBXFrameworksBuildPhase;
			buildActionMask = 2147483647;
			files = (
			);
			runOnlyForDeploymentPostprocessing = 0;
		};
		4944218426EB89AE00DAE476 /* Frameworks */ = {
			isa = PBXFrameworksBuildPhase;
			buildActionMask = 2147483647;
			files = (
			);
			runOnlyForDeploymentPostprocessing = 0;
		};
/* End PBXFrameworksBuildPhase section */

/* Begin PBXGroup section */
		0F5CC3FE0175769AA6939004 /* Pods */ = {
			isa = PBXGroup;
			children = (
				B4FED0E9DF677E623F9257EE /* Pods-test6.debug.xcconfig */,
				4D441E40E0C2F07C286A6B9A /* Pods-test6.release.xcconfig */,
			);
			path = Pods;
			sourceTree = "<group>";
		};
		413EFCBE4B21D9D9A66657B9 /* Frameworks */ = {
			isa = PBXGroup;
			children = (
				A58190CEA4BE05FD00B124F3 /* Pods_test6.framework */,
			);
			name = Frameworks;
			sourceTree = "<group>";
		};
		4944215A26EB89AE00DAE476 = {
			isa = PBXGroup;
			children = (
				49AA8354284D66DF00AEA134 /* HealthOneDB.swift */,
				49797E79284E533100DE148D /* HealthTwoDB.swift */,
				4944216526EB89AE00DAE476 /* test6 */,
				4944217F26EB89AE00DAE476 /* test6Tests */,
				4944218A26EB89AE00DAE476 /* test6UITests */,
				4944216426EB89AE00DAE476 /* Products */,
				0F5CC3FE0175769AA6939004 /* Pods */,
				413EFCBE4B21D9D9A66657B9 /* Frameworks */,
			);
			sourceTree = "<group>";
		};
		4944216426EB89AE00DAE476 /* Products */ = {
			isa = PBXGroup;
			children = (
				4944216326EB89AE00DAE476 /* test6.app */,
				4944217C26EB89AE00DAE476 /* test6Tests.xctest */,
				4944218726EB89AE00DAE476 /* test6UITests.xctest */,
			);
			name = Products;
			sourceTree = "<group>";
		};
		4944216526EB89AE00DAE476 /* test6 */ = {
			isa = PBXGroup;
			children = (
				4944216626EB89AE00DAE476 /* AppDelegate.swift */,
				4944216826EB89AE00DAE476 /* SceneDelegate.swift */,
				4944216A26EB89AE00DAE476 /* ViewController.swift */,
				4944216C26EB89AE00DAE476 /* Main.storyboard */,
				4944217226EB89AE00DAE476 /* Assets.xcassets */,
				4944217426EB89AE00DAE476 /* LaunchScreen.storyboard */,
				4944217726EB89AE00DAE476 /* Info.plist */,
				4944216F26EB89AE00DAE476 /* test6.xcdatamodeld */,
			);
			path = test6;
			sourceTree = "<group>";
		};
		4944217F26EB89AE00DAE476 /* test6Tests */ = {
			isa = PBXGroup;
			children = (
				4944218026EB89AE00DAE476 /* test6Tests.swift */,
				4944218226EB89AE00DAE476 /* Info.plist */,
			);
			path = test6Tests;
			sourceTree = "<group>";
		};
		4944218A26EB89AE00DAE476 /* test6UITests */ = {
			isa = PBXGroup;
			children = (
				4944218B26EB89AE00DAE476 /* test6UITests.swift */,
				4944218D26EB89AE00DAE476 /* Info.plist */,
			);
			path = test6UITests;
			sourceTree = "<group>";
		};
/* End PBXGroup section */

/* Begin PBXNativeTarget section */
		4944216226EB89AE00DAE476 /* test6 */ = {
			isa = PBXNativeTarget;
			buildConfigurationList = 4944219026EB89AE00DAE476 /* Build configuration list for PBXNativeTarget "test6" */;
			buildPhases = (
				CB1F34182487D13F035EF5D5 /* [CP] Check Pods Manifest.lock */,
				4944215F26EB89AE00DAE476 /* Sources */,
				4944216026EB89AE00DAE476 /* Frameworks */,
				4944216126EB89AE00DAE476 /* Resources */,
				EF3111CA9D999287FEA22041 /* [CP] Embed Pods Frameworks */,
			);
			buildRules = (
				49C8A9512750E071008850F7 /* PBXBuildRule */,
				49C8A9502750E06F008850F7 /* PBXBuildRule */,
			);
			dependencies = (
			);
			name = test6;
			packageProductDependencies = (
				49C8A9532750E3ED008850F7 /* SnapKit */,
			);
			productName = test6;
			productReference = 4944216326EB89AE00DAE476 /* test6.app */;
			productType = "com.apple.product-type.application";
		};
		4944217B26EB89AE00DAE476 /* test6Tests */ = {
			isa = PBXNativeTarget;
			buildConfigurationList = 4944219326EB89AE00DAE476 /* Build configuration list for PBXNativeTarget "test6Tests" */;
			buildPhases = (
				4944217826EB89AE00DAE476 /* Sources */,
				4944217926EB89AE00DAE476 /* Frameworks */,
				4944217A26EB89AE00DAE476 /* Resources */,
			);
			buildRules = (
			);
			dependencies = (
				4944217E26EB89AE00DAE476 /* PBXTargetDependency */,
			);
			name = test6Tests;
			productName = test6Tests;
			productReference = 4944217C26EB89AE00DAE476 /* test6Tests.xctest */;
			productType = "com.apple.product-type.bundle.unit-test";
		};
		4944218626EB89AE00DAE476 /* test6UITests */ = {
			isa = PBXNativeTarget;
			buildConfigurationList = 4944219626EB89AE00DAE476 /* Build configuration list for PBXNativeTarget "test6UITests" */;
			buildPhases = (
				4944218326EB89AE00DAE476 /* Sources */,
				4944218426EB89AE00DAE476 /* Frameworks */,
				4944218526EB89AE00DAE476 /* Resources */,
			);
			buildRules = (
			);
			dependencies = (
				4944218926EB89AE00DAE476 /* PBXTargetDependency */,
			);
			name = test6UITests;
			productName = test6UITests;
			productReference = 4944218726EB89AE00DAE476 /* test6UITests.xctest */;
			productType = "com.apple.product-type.bundle.ui-testing";
		};
/* End PBXNativeTarget section */

/* Begin PBXProject section */
		4944215B26EB89AE00DAE476 /* Project object */ = {
			isa = PBXProject;
			attributes = {
				LastSwiftUpdateCheck = 1240;
				LastUpgradeCheck = 1240;
				TargetAttributes = {
					4944216226EB89AE00DAE476 = {
						CreatedOnToolsVersion = 12.4;
					};
					4944217B26EB89AE00DAE476 = {
						CreatedOnToolsVersion = 12.4;
						TestTargetID = 4944216226EB89AE00DAE476;
					};
					4944218626EB89AE00DAE476 = {
						CreatedOnToolsVersion = 12.4;
						TestTargetID = 4944216226EB89AE00DAE476;
					};
				};
			};
			buildConfigurationList = 4944215E26EB89AE00DAE476 /* Build configuration list for PBXProject "test6" */;
			compatibilityVersion = "Xcode 9.3";
			developmentRegion = en;
			hasScannedForEncodings = 0;
			knownRegions = (
				en,
				Base,
			);
			mainGroup = 4944215A26EB89AE00DAE476;
			packageReferences = (
				49C8A9522750E3ED008850F7 /* XCRemoteSwiftPackageReference "SnapKit" */,
			);
			productRefGroup = 4944216426EB89AE00DAE476 /* Products */;
			projectDirPath = "";
			projectRoot = "";
			targets = (
				4944216226EB89AE00DAE476 /* test6 */,
				4944217B26EB89AE00DAE476 /* test6Tests */,
				4944218626EB89AE00DAE476 /* test6UITests */,
			);
		};
/* End PBXProject section */

/* Begin PBXResourcesBuildPhase section */
		4944216126EB89AE00DAE476 /* Resources */ = {
			isa = PBXResourcesBuildPhase;
			buildActionMask = 2147483647;
			files = (
				4944217626EB89AE00DAE476 /* LaunchScreen.storyboard in Resources */,
				4944217326EB89AE00DAE476 /* Assets.xcassets in Resources */,
				4944216E26EB89AE00DAE476 /* Main.storyboard in Resources */,
			);
			runOnlyForDeploymentPostprocessing = 0;
		};
		4944217A26EB89AE00DAE476 /* Resources */ = {
			isa = PBXResourcesBuildPhase;
			buildActionMask = 2147483647;
			files = (
			);
			runOnlyForDeploymentPostprocessing = 0;
		};
		4944218526EB89AE00DAE476 /* Resources */ = {
			isa = PBXResourcesBuildPhase;
			buildActionMask = 2147483647;
			files = (
			);
			runOnlyForDeploymentPostprocessing = 0;
		};
/* End PBXResourcesBuildPhase section */

/* Begin PBXShellScriptBuildPhase section */
		CB1F34182487D13F035EF5D5 /* [CP] Check Pods Manifest.lock */ = {
			isa = PBXShellScriptBuildPhase;
			buildActionMask = 2147483647;
			files = (
			);
			inputFileListPaths = (
			);
			inputPaths = (
				"${PODS_PODFILE_DIR_PATH}/Podfile.lock",
				"${PODS_ROOT}/Manifest.lock",
			);
			name = "[CP] Check Pods Manifest.lock";
			outputFileListPaths = (
			);
			outputPaths = (
				"$(DERIVED_FILE_DIR)/Pods-test6-checkManifestLockResult.txt",
			);
			runOnlyForDeploymentPostprocessing = 0;
			shellPath = /bin/sh;
			shellScript = "diff \"${PODS_PODFILE_DIR_PATH}/Podfile.lock\" \"${PODS_ROOT}/Manifest.lock\" > /dev/null\nif [ $? != 0 ] ; then\n    # print error to STDERR\n    echo \"error: The sandbox is not in sync with the Podfile.lock. Run 'pod install' or update your CocoaPods installation.\" >&2\n    exit 1\nfi\n# This output is used by Xcode 'outputs' to avoid re-running this script phase.\necho \"SUCCESS\" > \"${SCRIPT_OUTPUT_FILE_0}\"\n";
			showEnvVarsInLog = 0;
		};
		EF3111CA9D999287FEA22041 /* [CP] Embed Pods Frameworks */ = {
			isa = PBXShellScriptBuildPhase;
			buildActionMask = 2147483647;
			files = (
			);
			inputFileListPaths = (
				"${PODS_ROOT}/Target Support Files/Pods-test6/Pods-test6-frameworks-${CONFIGURATION}-input-files.xcfilelist",
			);
			name = "[CP] Embed Pods Frameworks";
			outputFileListPaths = (
				"${PODS_ROOT}/Target Support Files/Pods-test6/Pods-test6-frameworks-${CONFIGURATION}-output-files.xcfilelist",
			);
			runOnlyForDeploymentPostprocessing = 0;
			shellPath = /bin/sh;
			shellScript = "\"${PODS_ROOT}/Target Support Files/Pods-test6/Pods-test6-frameworks.sh\"\n";
			showEnvVarsInLog = 0;
		};
/* End PBXShellScriptBuildPhase section */

/* Begin PBXSourcesBuildPhase section */
		4944215F26EB89AE00DAE476 /* Sources */ = {
			isa = PBXSourcesBuildPhase;
			buildActionMask = 2147483647;
			files = (
				4944217126EB89AE00DAE476 /* test6.xcdatamodeld in Sources */,
				4944216B26EB89AE00DAE476 /* ViewController.swift in Sources */,
				49AA8355284D66DF00AEA134 /* HealthOneDB.swift in Sources */,
				4944216726EB89AE00DAE476 /* AppDelegate.swift in Sources */,
				49797E7A284E533100DE148D /* HealthTwoDB.swift in Sources */,
				4944216926EB89AE00DAE476 /* SceneDelegate.swift in Sources */,
			);
			runOnlyForDeploymentPostprocessing = 0;
		};
		4944217826EB89AE00DAE476 /* Sources */ = {
			isa = PBXSourcesBuildPhase;
			buildActionMask = 2147483647;
			files = (
				4944218126EB89AE00DAE476 /* test6Tests.swift in Sources */,
			);
			runOnlyForDeploymentPostprocessing = 0;
		};
		4944218326EB89AE00DAE476 /* Sources */ = {
			isa = PBXSourcesBuildPhase;
			buildActionMask = 2147483647;
			files = (
				4944218C26EB89AE00DAE476 /* test6UITests.swift in Sources */,
			);
			runOnlyForDeploymentPostprocessing = 0;
		};
/* End PBXSourcesBuildPhase section */

/* Begin PBXTargetDependency section */
		4944217E26EB89AE00DAE476 /* PBXTargetDependency */ = {
			isa = PBXTargetDependency;
			target = 4944216226EB89AE00DAE476 /* test6 */;
			targetProxy = 4944217D26EB89AE00DAE476 /* PBXContainerItemProxy */;
		};
		4944218926EB89AE00DAE476 /* PBXTargetDependency */ = {
			isa = PBXTargetDependency;
			target = 4944216226EB89AE00DAE476 /* test6 */;
			targetProxy = 4944218826EB89AE00DAE476 /* PBXContainerItemProxy */;
		};
/* End PBXTargetDependency section */

/* Begin PBXVariantGroup section */
		4944216C26EB89AE00DAE476 /* Main.storyboard */ = {
			isa = PBXVariantGroup;
			children = (
				4944216D26EB89AE00DAE476 /* Base */,
			);
			name = Main.storyboard;
			sourceTree = "<group>";
		};
		4944217426EB89AE00DAE476 /* LaunchScreen.storyboard */ = {
			isa = PBXVariantGroup;
			children = (
				4944217526EB89AE00DAE476 /* Base */,
			);
			name = LaunchScreen.storyboard;
			sourceTree = "<group>";
		};
/* End PBXVariantGroup section */

/* Begin XCBuildConfiguration section */
		4944218E26EB89AE00DAE476 /* Debug */ = {
			isa = XCBuildConfiguration;
			buildSettings = {
				ALWAYS_SEARCH_USER_PATHS = NO;
				CLANG_ANALYZER_NONNULL = YES;
				CLANG_ANALYZER_NUMBER_OBJECT_CONVERSION = YES_AGGRESSIVE;
				CLANG_CXX_LANGUAGE_STANDARD = "gnu++14";
				CLANG_CXX_LIBRARY = "libc++";
				CLANG_ENABLE_MODULES = YES;
				CLANG_ENABLE_OBJC_ARC = YES;
				CLANG_ENABLE_OBJC_WEAK = YES;
				CLANG_WARN_BLOCK_CAPTURE_AUTORELEASING = YES;
				CLANG_WARN_BOOL_CONVERSION = YES;
				CLANG_WARN_COMMA = YES;
				CLANG_WARN_CONSTANT_CONVERSION = YES;
				CLANG_WARN_DEPRECATED_OBJC_IMPLEMENTATIONS = YES;
				CLANG_WARN_DIRECT_OBJC_ISA_USAGE = YES_ERROR;
				CLANG_WARN_DOCUMENTATION_COMMENTS = YES;
				CLANG_WARN_EMPTY_BODY = YES;
				CLANG_WARN_ENUM_CONVERSION = YES;
				CLANG_WARN_INFINITE_RECURSION = YES;
				CLANG_WARN_INT_CONVERSION = YES;
				CLANG_WARN_NON_LITERAL_NULL_CONVERSION = YES;
				CLANG_WARN_OBJC_IMPLICIT_RETAIN_SELF = YES;
				CLANG_WARN_OBJC_LITERAL_CONVERSION = YES;
				CLANG_WARN_OBJC_ROOT_CLASS = YES_ERROR;
				CLANG_WARN_QUOTED_INCLUDE_IN_FRAMEWORK_HEADER = YES;
				CLANG_WARN_RANGE_LOOP_ANALYSIS = YES;
				CLANG_WARN_STRICT_PROTOTYPES = YES;
				CLANG_WARN_SUSPICIOUS_MOVE = YES;
				CLANG_WARN_UNGUARDED_AVAILABILITY = YES_AGGRESSIVE;
				CLANG_WARN_UNREACHABLE_CODE = YES;
				CLANG_WARN__DUPLICATE_METHOD_MATCH = YES;
				COPY_PHASE_STRIP = NO;
				DEBUG_INFORMATION_FORMAT = dwarf;
				ENABLE_STRICT_OBJC_MSGSEND = YES;
				ENABLE_TESTABILITY = YES;
				GCC_C_LANGUAGE_STANDARD = gnu11;
				GCC_DYNAMIC_NO_PIC = NO;
				GCC_NO_COMMON_BLOCKS = YES;
				GCC_OPTIMIZATION_LEVEL = 0;
				GCC_PREPROCESSOR_DEFINITIONS = (
					"DEBUG=1",
					"$(inherited)",
				);
				GCC_WARN_64_TO_32_BIT_CONVERSION = YES;
				GCC_WARN_ABOUT_RETURN_TYPE = YES_ERROR;
				GCC_WARN_UNDECLARED_SELECTOR = YES;
				GCC_WARN_UNINITIALIZED_AUTOS = YES_AGGRESSIVE;
				GCC_WARN_UNUSED_FUNCTION = YES;
				GCC_WARN_UNUSED_VARIABLE = YES;
				IPHONEOS_DEPLOYMENT_TARGET = 14.4;
				MTL_ENABLE_DEBUG_INFO = INCLUDE_SOURCE;
				MTL_FAST_MATH = YES;
				ONLY_ACTIVE_ARCH = YES;
				SDKROOT = iphoneos;
				SWIFT_ACTIVE_COMPILATION_CONDITIONS = DEBUG;
				SWIFT_OPTIMIZATION_LEVEL = "-Onone";
			};
			name = Debug;
		};
		4944218F26EB89AE00DAE476 /* Release */ = {
			isa = XCBuildConfiguration;
			buildSettings = {
				ALWAYS_SEARCH_USER_PATHS = NO;
				CLANG_ANALYZER_NONNULL = YES;
				CLANG_ANALYZER_NUMBER_OBJECT_CONVERSION = YES_AGGRESSIVE;
				CLANG_CXX_LANGUAGE_STANDARD = "gnu++14";
				CLANG_CXX_LIBRARY = "libc++";
				CLANG_ENABLE_MODULES = YES;
				CLANG_ENABLE_OBJC_ARC = YES;
				CLANG_ENABLE_OBJC_WEAK = YES;
				CLANG_WARN_BLOCK_CAPTURE_AUTORELEASING = YES;
				CLANG_WARN_BOOL_CONVERSION = YES;
				CLANG_WARN_COMMA = YES;
				CLANG_WARN_CONSTANT_CONVERSION = YES;
				CLANG_WARN_DEPRECATED_OBJC_IMPLEMENTATIONS = YES;
				CLANG_WARN_DIRECT_OBJC_ISA_USAGE = YES_ERROR;
				CLANG_WARN_DOCUMENTATION_COMMENTS = YES;
				CLANG_WARN_EMPTY_BODY = YES;
				CLANG_WARN_ENUM_CONVERSION = YES;
				CLANG_WARN_INFINITE_RECURSION = YES;
				CLANG_WARN_INT_CONVERSION = YES;
				CLANG_WARN_NON_LITERAL_NULL_CONVERSION = YES;
				CLANG_WARN_OBJC_IMPLICIT_RETAIN_SELF = YES;
				CLANG_WARN_OBJC_LITERAL_CONVERSION = YES;
				CLANG_WARN_OBJC_ROOT_CLASS = YES_ERROR;
				CLANG_WARN_QUOTED_INCLUDE_IN_FRAMEWORK_HEADER = YES;
				CLANG_WARN_RANGE_LOOP_ANALYSIS = YES;
				CLANG_WARN_STRICT_PROTOTYPES = YES;
				CLANG_WARN_SUSPICIOUS_MOVE = YES;
				CLANG_WARN_UNGUARDED_AVAILABILITY = YES_AGGRESSIVE;
				CLANG_WARN_UNREACHABLE_CODE = YES;
				CLANG_WARN__DUPLICATE_METHOD_MATCH = YES;
				COPY_PHASE_STRIP = NO;
				DEBUG_INFORMATION_FORMAT = "dwarf-with-dsym";
				ENABLE_NS_ASSERTIONS = NO;
				ENABLE_STRICT_OBJC_MSGSEND = YES;
				GCC_C_LANGUAGE_STANDARD = gnu11;
				GCC_NO_COMMON_BLOCKS = YES;
				GCC_WARN_64_TO_32_BIT_CONVERSION = YES;
				GCC_WARN_ABOUT_RETURN_TYPE = YES_ERROR;
				GCC_WARN_UNDECLARED_SELECTOR = YES;
				GCC_WARN_UNINITIALIZED_AUTOS = YES_AGGRESSIVE;
				GCC_WARN_UNUSED_FUNCTION = YES;
				GCC_WARN_UNUSED_VARIABLE = YES;
				IPHONEOS_DEPLOYMENT_TARGET = 14.4;
				MTL_ENABLE_DEBUG_INFO = NO;
				MTL_FAST_MATH = YES;
				SDKROOT = iphoneos;
				SWIFT_COMPILATION_MODE = wholemodule;
				SWIFT_OPTIMIZATION_LEVEL = "-O";
				VALIDATE_PRODUCT = YES;
			};
			name = Release;
		};
		4944219126EB89AE00DAE476 /* Debug */ = {
			isa = XCBuildConfiguration;
			baseConfigurationReference = B4FED0E9DF677E623F9257EE /* Pods-test6.debug.xcconfig */;
			buildSettings = {
				ASSETCATALOG_COMPILER_APPICON_NAME = AppIcon;
				ASSETCATALOG_COMPILER_GLOBAL_ACCENT_COLOR_NAME = AccentColor;
				CODE_SIGN_STYLE = Automatic;
				DEVELOPMENT_TEAM = DQD4XQ648A;
				INFOPLIST_FILE = test6/Info.plist;
				LD_RUNPATH_SEARCH_PATHS = (
					"$(inherited)",
					"@executable_path/Frameworks",
				);
				PRODUCT_BUNDLE_IDENTIFIER = minus.test6;
				PRODUCT_NAME = "$(TARGET_NAME)";
				SWIFT_VERSION = 5.0;
				TARGETED_DEVICE_FAMILY = 1;
			};
			name = Debug;
		};
		4944219226EB89AE00DAE476 /* Release */ = {
			isa = XCBuildConfiguration;
			baseConfigurationReference = 4D441E40E0C2F07C286A6B9A /* Pods-test6.release.xcconfig */;
			buildSettings = {
				ASSETCATALOG_COMPILER_APPICON_NAME = AppIcon;
				ASSETCATALOG_COMPILER_GLOBAL_ACCENT_COLOR_NAME = AccentColor;
				CODE_SIGN_STYLE = Automatic;
				DEVELOPMENT_TEAM = DQD4XQ648A;
				INFOPLIST_FILE = test6/Info.plist;
				LD_RUNPATH_SEARCH_PATHS = (
					"$(inherited)",
					"@executable_path/Frameworks",
				);
				PRODUCT_BUNDLE_IDENTIFIER = minus.test6;
				PRODUCT_NAME = "$(TARGET_NAME)";
				SWIFT_VERSION = 5.0;
				TARGETED_DEVICE_FAMILY = 1;
			};
			name = Release;
		};
		4944219426EB89AE00DAE476 /* Debug */ = {
			isa = XCBuildConfiguration;
			buildSettings = {
				ALWAYS_EMBED_SWIFT_STANDARD_LIBRARIES = YES;
				BUNDLE_LOADER = "$(TEST_HOST)";
				CODE_SIGN_STYLE = Automatic;
				DEVELOPMENT_TEAM = DQD4XQ648A;
				INFOPLIST_FILE = test6Tests/Info.plist;
				IPHONEOS_DEPLOYMENT_TARGET = 14.4;
				LD_RUNPATH_SEARCH_PATHS = (
					"$(inherited)",
					"@executable_path/Frameworks",
					"@loader_path/Frameworks",
				);
				PRODUCT_BUNDLE_IDENTIFIER = minus.test6Tests;
				PRODUCT_NAME = "$(TARGET_NAME)";
				SWIFT_VERSION = 5.0;
				TARGETED_DEVICE_FAMILY = "1,2";
				TEST_HOST = "$(BUILT_PRODUCTS_DIR)/test6.app/test6";
			};
			name = Debug;
		};
		4944219526EB89AE00DAE476 /* Release */ = {
			isa = XCBuildConfiguration;
			buildSettings = {
				ALWAYS_EMBED_SWIFT_STANDARD_LIBRARIES = YES;
				BUNDLE_LOADER = "$(TEST_HOST)";
				CODE_SIGN_STYLE = Automatic;
				DEVELOPMENT_TEAM = DQD4XQ648A;
				INFOPLIST_FILE = test6Tests/Info.plist;
				IPHONEOS_DEPLOYMENT_TARGET = 14.4;
				LD_RUNPATH_SEARCH_PATHS = (
					"$(inherited)",
					"@executable_path/Frameworks",
					"@loader_path/Frameworks",
				);
				PRODUCT_BUNDLE_IDENTIFIER = minus.test6Tests;
				PRODUCT_NAME = "$(TARGET_NAME)";
				SWIFT_VERSION = 5.0;
				TARGETED_DEVICE_FAMILY = "1,2";
				TEST_HOST = "$(BUILT_PRODUCTS_DIR)/test6.app/test6";
			};
			name = Release;
		};
		4944219726EB89AE00DAE476 /* Debug */ = {
			isa = XCBuildConfiguration;
			buildSettings = {
				ALWAYS_EMBED_SWIFT_STANDARD_LIBRARIES = YES;
				CODE_SIGN_STYLE = Automatic;
				DEVELOPMENT_TEAM = DQD4XQ648A;
				INFOPLIST_FILE = test6UITests/Info.plist;
				LD_RUNPATH_SEARCH_PATHS = (
					"$(inherited)",
					"@executable_path/Frameworks",
					"@loader_path/Frameworks",
				);
				PRODUCT_BUNDLE_IDENTIFIER = minus.test6UITests;
				PRODUCT_NAME = "$(TARGET_NAME)";
				SWIFT_VERSION = 5.0;
				TARGETED_DEVICE_FAMILY = "1,2";
				TEST_TARGET_NAME = test6;
			};
			name = Debug;
		};
		4944219826EB89AE00DAE476 /* Release */ = {
			isa = XCBuildConfiguration;
			buildSettings = {
				ALWAYS_EMBED_SWIFT_STANDARD_LIBRARIES = YES;
				CODE_SIGN_STYLE = Automatic;
				DEVELOPMENT_TEAM = DQD4XQ648A;
				INFOPLIST_FILE = test6UITests/Info.plist;
				LD_RUNPATH_SEARCH_PATHS = (
					"$(inherited)",
					"@executable_path/Frameworks",
					"@loader_path/Frameworks",
				);
				PRODUCT_BUNDLE_IDENTIFIER = minus.test6UITests;
				PRODUCT_NAME = "$(TARGET_NAME)";
				SWIFT_VERSION = 5.0;
				TARGETED_DEVICE_FAMILY = "1,2";
				TEST_TARGET_NAME = test6;
			};
			name = Release;
		};
/* End XCBuildConfiguration section */

/* Begin XCConfigurationList section */
		4944215E26EB89AE00DAE476 /* Build configuration list for PBXProject "test6" */ = {
			isa = XCConfigurationList;
			buildConfigurations = (
				4944218E26EB89AE00DAE476 /* Debug */,
				4944218F26EB89AE00DAE476 /* Release */,
			);
			defaultConfigurationIsVisible = 0;
			defaultConfigurationName = Release;
		};
		4944219026EB89AE00DAE476 /* Build configuration list for PBXNativeTarget "test6" */ = {
			isa = XCConfigurationList;
			buildConfigurations = (
				4944219126EB89AE00DAE476 /* Debug */,
				4944219226EB89AE00DAE476 /* Release */,
			);
			defaultConfigurationIsVisible = 0;
			defaultConfigurationName = Release;
		};
		4944219326EB89AE00DAE476 /* Build configuration list for PBXNativeTarget "test6Tests" */ = {
			isa = XCConfigurationList;
			buildConfigurations = (
				4944219426EB89AE00DAE476 /* Debug */,
				4944219526EB89AE00DAE476 /* Release */,
			);
			defaultConfigurationIsVisible = 0;
			defaultConfigurationName = Release;
		};
		4944219626EB89AE00DAE476 /* Build configuration list for PBXNativeTarget "test6UITests" */ = {
			isa = XCConfigurationList;
			buildConfigurations = (
				4944219726EB89AE00DAE476 /* Debug */,
				4944219826EB89AE00DAE476 /* Release */,
			);
			defaultConfigurationIsVisible = 0;
			defaultConfigurationName = Release;
		};
/* End XCConfigurationList section */

/* Begin XCRemoteSwiftPackageReference section */
		49C8A9522750E3ED008850F7 /* XCRemoteSwiftPackageReference "SnapKit" */ = {
			isa = XCRemoteSwiftPackageReference;
			repositoryURL = "https://github.com/SnapKit/SnapKit";
			requirement = {
				kind = upToNextMajorVersion;
				minimumVersion = 5.0.0;
			};
		};
/* End XCRemoteSwiftPackageReference section */

/* Begin XCSwiftPackageProductDependency section */
		49C8A9532750E3ED008850F7 /* SnapKit */ = {
			isa = XCSwiftPackageProductDependency;
			package = 49C8A9522750E3ED008850F7 /* XCRemoteSwiftPackageReference "SnapKit" */;
			productName = SnapKit;
		};
/* End XCSwiftPackageProductDependency section */

/* Begin XCVersionGroup section */
		4944216F26EB89AE00DAE476 /* test6.xcdatamodeld */ = {
			isa = XCVersionGroup;
			children = (
				4944217026EB89AE00DAE476 /* test6.xcdatamodel */,
			);
			currentVersion = 4944217026EB89AE00DAE476 /* test6.xcdatamodel */;
			path = test6.xcdatamodeld;
			sourceTree = "<group>";
			versionGroupType = wrapper.xcdatamodel;
		};
/* End XCVersionGroup section */
	};
	rootObject = 4944215B26EB89AE00DAE476 /* Project object */;
}
